
Microsoft Visual Studio Solution File, Format Version 12.00
# Visual Studio Version 17
VisualStudioVersion = 17.6.33815.320
MinimumVisualStudioVersion = 10.0.40219.1
Project("{FAE04EC0-301F-11D3-BF4B-00C04F79EFBC}") = "TesteListAddExcluir", "TesteListAddExcluir\TesteListAddExcluir.csproj", "{29DF84BC-628F-4F2D-A828-444C60A275C9}"
EndProject
Global
	GlobalSection(SolutionConfigurationPlatforms) = preSolution
		Debug|Any CPU = Debug|Any CPU
		Release|Any CPU = Release|Any CPU
	EndGlobalSection
	GlobalSection(ProjectConfigurationPlatforms) = postSolution
		{29DF84BC-628F-4F2D-A828-444C60A275C9}.Debug|Any CPU.ActiveCfg = Debug|Any CPU
		{29DF84BC-628F-4F2D-A828-444C60A275C9}.Debug|Any CPU.Build.0 = Debug|Any CPU
		{29DF84BC-628F-4F2D-A828-444C60A275C9}.Release|Any CPU.ActiveCfg = Release|Any CPU
		{29DF84BC-628F-4F2D-A828-444C60A275C9}.Release|Any CPU.Build.0 = Release|Any CPU
	EndGlobalSection
	GlobalSection(SolutionProperties) = preSolution
		HideSolutionNode = FALSE
	EndGlobalSection
	GlobalSection(ExtensibilityGlobals) = postSolution
		SolutionGuid = {92298946-29C3-4473-84DE-EF67F7501581}
	EndGlobalSection
EndGlobal
